
Microsoft Visual Studio Solution File, Format Version 12.00
# Visual Studio Version 17
VisualStudioVersion = 17.6.33723.286
MinimumVisualStudioVersion = 10.0.40219.1
Project("{FAE04EC0-301F-11D3-BF4B-00C04F79EFBC}") = "DBMS_ProjectV1.0", "DBMS_ProjectV1.0\DBMS_ProjectV1.0.csproj", "{E997FF90-9391-48E2-89F2-54D7BB209BE1}"
EndProject
Global
	GlobalSection(SolutionConfigurationPlatforms) = preSolution
		Debug|Any CPU = Debug|Any CPU
		Release|Any CPU = Release|Any CPU
	EndGlobalSection
	GlobalSection(ProjectConfigurationPlatforms) = postSolution
		{E997FF90-9391-48E2-89F2-54D7BB209BE1}.Debug|Any CPU.ActiveCfg = Debug|Any CPU
		{E997FF90-9391-48E2-89F2-54D7BB209BE1}.Debug|Any CPU.Build.0 = Debug|Any CPU
		{E997FF90-9391-48E2-89F2-54D7BB209BE1}.Release|Any CPU.ActiveCfg = Release|Any CPU
		{E997FF90-9391-48E2-89F2-54D7BB209BE1}.Release|Any CPU.Build.0 = Release|Any CPU
	EndGlobalSection
	GlobalSection(SolutionProperties) = preSolution
		HideSolutionNode = FALSE
	EndGlobalSection
	GlobalSection(ExtensibilityGlobals) = postSolution
		SolutionGuid = {21015DF3-FD87-4E8A-A657-FB07AFE6EB27}
	EndGlobalSection
EndGlobal
