
Microsoft Visual Studio Solution File, Format Version 12.00
# Visual Studio Version 17
VisualStudioVersion = 17.6.33723.286
MinimumVisualStudioVersion = 10.0.40219.1
Project("{00D1A9C2-B5F0-4AF3-8072-F6C62B433612}") = "TestProjectDB", "TestProjectDB\TestProjectDB.sqlproj", "{3F9C4136-5A13-4A1C-95B8-EB36BE608494}"
EndProject
Global
	GlobalSection(SolutionConfigurationPlatforms) = preSolution
		Debug|Any CPU = Debug|Any CPU
		Release|Any CPU = Release|Any CPU
	EndGlobalSection
	GlobalSection(ProjectConfigurationPlatforms) = postSolution
		{3F9C4136-5A13-4A1C-95B8-EB36BE608494}.Debug|Any CPU.ActiveCfg = Debug|Any CPU
		{3F9C4136-5A13-4A1C-95B8-EB36BE608494}.Debug|Any CPU.Build.0 = Debug|Any CPU
		{3F9C4136-5A13-4A1C-95B8-EB36BE608494}.Debug|Any CPU.Deploy.0 = Debug|Any CPU
		{3F9C4136-5A13-4A1C-95B8-EB36BE608494}.Release|Any CPU.ActiveCfg = Release|Any CPU
		{3F9C4136-5A13-4A1C-95B8-EB36BE608494}.Release|Any CPU.Build.0 = Release|Any CPU
		{3F9C4136-5A13-4A1C-95B8-EB36BE608494}.Release|Any CPU.Deploy.0 = Release|Any CPU
	EndGlobalSection
	GlobalSection(SolutionProperties) = preSolution
		HideSolutionNode = FALSE
	EndGlobalSection
	GlobalSection(ExtensibilityGlobals) = postSolution
		SolutionGuid = {329002A0-EC21-4FC2-AFEC-41488BB05C12}
	EndGlobalSection
EndGlobal
